
Microsoft Visual Studio Solution File, Format Version 12.00
# Visual Studio 15
VisualStudioVersion = 15.0.28307.1300
MinimumVisualStudioVersion = 10.0.40219.1
Project("{FAE04EC0-301F-11D3-BF4B-00C04F79EFBC}") = "CSharpPracticeWeek2", "CSharpPracticeWeek2\CSharpPracticeWeek2.csproj", "{ECF22A58-2283-4C0D-AC14-C86AC1EA636B}"
EndProject
Global
	GlobalSection(SolutionConfigurationPlatforms) = preSolution
		Debug|Any CPU = Debug|Any CPU
		Release|Any CPU = Release|Any CPU
	EndGlobalSection
	GlobalSection(ProjectConfigurationPlatforms) = postSolution
		{ECF22A58-2283-4C0D-AC14-C86AC1EA636B}.Debug|Any CPU.ActiveCfg = Debug|Any CPU
		{ECF22A58-2283-4C0D-AC14-C86AC1EA636B}.Debug|Any CPU.Build.0 = Debug|Any CPU
		{ECF22A58-2283-4C0D-AC14-C86AC1EA636B}.Release|Any CPU.ActiveCfg = Release|Any CPU
		{ECF22A58-2283-4C0D-AC14-C86AC1EA636B}.Release|Any CPU.Build.0 = Release|Any CPU
	EndGlobalSection
	GlobalSection(SolutionProperties) = preSolution
		HideSolutionNode = FALSE
	EndGlobalSection
	GlobalSection(ExtensibilityGlobals) = postSolution
		SolutionGuid = {B5991BE9-5AEF-4415-9811-E432876EAD2C}
	EndGlobalSection
EndGlobal
